
Microsoft Visual Studio Solution File, Format Version 12.00
# Visual Studio 15
VisualStudioVersion = 15.0.26124.0
MinimumVisualStudioVersion = 15.0.26124.0
Project("{FAE04EC0-301F-11D3-BF4B-00C04F79EFBC}") = "FIWARE.ContextBroker", "FIWARE.ContextBroker\FIWARE.ContextBroker.csproj", "{559D4E24-76EC-49A9-9E1D-392CC89761EC}"
EndProject
Project("{FAE04EC0-301F-11D3-BF4B-00C04F79EFBC}") = "ACG.api", "ACG.api\ACG.api.csproj", "{68D0673E-A9EE-4783-97CB-9E0A0F0061F6}"
EndProject
Global
	GlobalSection(SolutionConfigurationPlatforms) = preSolution
		Debug|Any CPU = Debug|Any CPU
		Debug|x64 = Debug|x64
		Debug|x86 = Debug|x86
		Release|Any CPU = Release|Any CPU
		Release|x64 = Release|x64
		Release|x86 = Release|x86
	EndGlobalSection
	GlobalSection(SolutionProperties) = preSolution
		HideSolutionNode = FALSE
	EndGlobalSection
	GlobalSection(ProjectConfigurationPlatforms) = postSolution
		{559D4E24-76EC-49A9-9E1D-392CC89761EC}.Debug|Any CPU.ActiveCfg = Debug|Any CPU
		{559D4E24-76EC-49A9-9E1D-392CC89761EC}.Debug|Any CPU.Build.0 = Debug|Any CPU
		{559D4E24-76EC-49A9-9E1D-392CC89761EC}.Debug|x64.ActiveCfg = Debug|Any CPU
		{559D4E24-76EC-49A9-9E1D-392CC89761EC}.Debug|x64.Build.0 = Debug|Any CPU
		{559D4E24-76EC-49A9-9E1D-392CC89761EC}.Debug|x86.ActiveCfg = Debug|Any CPU
		{559D4E24-76EC-49A9-9E1D-392CC89761EC}.Debug|x86.Build.0 = Debug|Any CPU
		{559D4E24-76EC-49A9-9E1D-392CC89761EC}.Release|Any CPU.ActiveCfg = Release|Any CPU
		{559D4E24-76EC-49A9-9E1D-392CC89761EC}.Release|Any CPU.Build.0 = Release|Any CPU
		{559D4E24-76EC-49A9-9E1D-392CC89761EC}.Release|x64.ActiveCfg = Release|Any CPU
		{559D4E24-76EC-49A9-9E1D-392CC89761EC}.Release|x64.Build.0 = Release|Any CPU
		{559D4E24-76EC-49A9-9E1D-392CC89761EC}.Release|x86.ActiveCfg = Release|Any CPU
		{559D4E24-76EC-49A9-9E1D-392CC89761EC}.Release|x86.Build.0 = Release|Any CPU
		{68D0673E-A9EE-4783-97CB-9E0A0F0061F6}.Debug|Any CPU.ActiveCfg = Debug|Any CPU
		{68D0673E-A9EE-4783-97CB-9E0A0F0061F6}.Debug|Any CPU.Build.0 = Debug|Any CPU
		{68D0673E-A9EE-4783-97CB-9E0A0F0061F6}.Debug|x64.ActiveCfg = Debug|Any CPU
		{68D0673E-A9EE-4783-97CB-9E0A0F0061F6}.Debug|x64.Build.0 = Debug|Any CPU
		{68D0673E-A9EE-4783-97CB-9E0A0F0061F6}.Debug|x86.ActiveCfg = Debug|Any CPU
		{68D0673E-A9EE-4783-97CB-9E0A0F0061F6}.Debug|x86.Build.0 = Debug|Any CPU
		{68D0673E-A9EE-4783-97CB-9E0A0F0061F6}.Release|Any CPU.ActiveCfg = Release|Any CPU
		{68D0673E-A9EE-4783-97CB-9E0A0F0061F6}.Release|Any CPU.Build.0 = Release|Any CPU
		{68D0673E-A9EE-4783-97CB-9E0A0F0061F6}.Release|x64.ActiveCfg = Release|Any CPU
		{68D0673E-A9EE-4783-97CB-9E0A0F0061F6}.Release|x64.Build.0 = Release|Any CPU
		{68D0673E-A9EE-4783-97CB-9E0A0F0061F6}.Release|x86.ActiveCfg = Release|Any CPU
		{68D0673E-A9EE-4783-97CB-9E0A0F0061F6}.Release|x86.Build.0 = Release|Any CPU
	EndGlobalSection
EndGlobal
